// !$*UTF8*$!
{
	archiveVersion = 1;
	classes = {
	};
	objectVersion = 46;
	objects = {

/* Begin PBXBuildFile section */
		4FE323081CA4639500DD6D86 /* AppDelegate.swift in Sources */ = {isa = PBXBuildFile; fileRef = 4FE323071CA4639500DD6D86 /* AppDelegate.swift */; };
		4FE3230A1CA4639500DD6D86 /* ViewController.swift in Sources */ = {isa = PBXBuildFile; fileRef = 4FE323091CA4639500DD6D86 /* ViewController.swift */; };
		4FE3230D1CA4639500DD6D86 /* Main.storyboard in Resources */ = {isa = PBXBuildFile; fileRef = 4FE3230B1CA4639500DD6D86 /* Main.storyboard */; };
		4FE323101CA4639600DD6D86 /* Test_App.xcdatamodeld in Sources */ = {isa = PBXBuildFile; fileRef = 4FE3230E1CA4639600DD6D86 /* Test_App.xcdatamodeld */; };
		4FE323121CA4639600DD6D86 /* Assets.xcassets in Resources */ = {isa = PBXBuildFile; fileRef = 4FE323111CA4639600DD6D86 /* Assets.xcassets */; };
		4FE323151CA4639600DD6D86 /* LaunchScreen.storyboard in Resources */ = {isa = PBXBuildFile; fileRef = 4FE323131CA4639600DD6D86 /* LaunchScreen.storyboard */; };
		4FE323201CA4639600DD6D86 /* Test_AppTests.swift in Sources */ = {isa = PBXBuildFile; fileRef = 4FE3231F1CA4639600DD6D86 /* Test_AppTests.swift */; };
		4FE3232B1CA4639600DD6D86 /* Test_AppUITests.swift in Sources */ = {isa = PBXBuildFile; fileRef = 4FE3232A1CA4639600DD6D86 /* Test_AppUITests.swift */; };
/* End PBXBuildFile section */

/* Begin PBXContainerItemProxy section */
		4FE3231C1CA4639600DD6D86 /* PBXContainerItemProxy */ = {
			isa = PBXContainerItemProxy;
			containerPortal = 4FE322FC1CA4639500DD6D86 /* Project object */;
			proxyType = 1;
			remoteGlobalIDString = 4FE323031CA4639500DD6D86;
			remoteInfo = "Test App";
		};
		4FE323271CA4639600DD6D86 /* PBXContainerItemProxy */ = {
			isa = PBXContainerItemProxy;
			containerPortal = 4FE322FC1CA4639500DD6D86 /* Project object */;
			proxyType = 1;
			remoteGlobalIDString = 4FE323031CA4639500DD6D86;
			remoteInfo = "Test App";
		};
/* End PBXContainerItemProxy section */

/* Begin PBXFileReference section */
		4FE323041CA4639500DD6D86 /* Test App.app */ = {isa = PBXFileReference; explicitFileType = wrapper.application; includeInIndex = 0; path = "Test App.app"; sourceTree = BUILT_PRODUCTS_DIR; };
		4FE323071CA4639500DD6D86 /* AppDelegate.swift */ = {isa = PBXFileReference; lastKnownFileType = sourcecode.swift; path = AppDelegate.swift; sourceTree = "<group>"; };
		4FE323091CA4639500DD6D86 /* ViewController.swift */ = {isa = PBXFileReference; lastKnownFileType = sourcecode.swift; path = ViewController.swift; sourceTree = "<group>"; };
		4FE3230C1CA4639500DD6D86 /* Base */ = {isa = PBXFileReference; lastKnownFileType = file.storyboard; name = Base; path = Base.lproj/Main.storyboard; sourceTree = "<group>"; };
		4FE3230F1CA4639600DD6D86 /* Test_App.xcdatamodel */ = {isa = PBXFileReference; lastKnownFileType = wrapper.xcdatamodel; path = Test_App.xcdatamodel; sourceTree = "<group>"; };
		4FE323111CA4639600DD6D86 /* Assets.xcassets */ = {isa = PBXFileReference; lastKnownFileType = folder.assetcatalog; path = Assets.xcassets; sourceTree = "<group>"; };
		4FE323141CA4639600DD6D86 /* Base */ = {isa = PBXFileReference; lastKnownFileType = file.storyboard; name = Base; path = Base.lproj/LaunchScreen.storyboard; sourceTree = "<group>"; };
		4FE323161CA4639600DD6D86 /* Info.plist */ = {isa = PBXFileReference; lastKnownFileType = text.plist.xml; path = Info.plist; sourceTree = "<group>"; };
		4FE3231B1CA4639600DD6D86 /* Test AppTests.xctest */ = {isa = PBXFileReference; explicitFileType = wrapper.cfbundle; includeInIndex = 0; path = "Test AppTests.xctest"; sourceTree = BUILT_PRODUCTS_DIR; };
		4FE3231F1CA4639600DD6D86 /* Test_AppTests.swift */ = {isa = PBXFileReference; lastKnownFileType = sourcecode.swift; path = Test_AppTests.swift; sourceTree = "<group>"; };
		4FE323211CA4639600DD6D86 /* Info.plist */ = {isa = PBXFileReference; lastKnownFileType = text.plist.xml; path = Info.plist; sourceTree = "<group>"; };
		4FE323261CA4639600DD6D86 /* Test AppUITests.xctest */ = {isa = PBXFileReference; explicitFileType = wrapper.cfbundle; includeInIndex = 0; path = "Test AppUITests.xctest"; sourceTree = BUILT_PRODUCTS_DIR; };
		4FE3232A1CA4639600DD6D86 /* Test_AppUITests.swift */ = {isa = PBXFileReference; lastKnownFileType = sourcecode.swift; path = Test_AppUITests.swift; sourceTree = "<group>"; };
		4FE3232C1CA4639600DD6D86 /* Info.plist */ = {isa = PBXFileReference; lastKnownFileType = text.plist.xml; path = Info.plist; sourceTree = "<group>"; };
/* End PBXFileReference section */

/* Begin PBXFrameworksBuildPhase section */
		4FE323011CA4639500DD6D86 /* Frameworks */ = {
			isa = PBXFrameworksBuildPhase;
			buildActionMask = 2147483647;
			files = (
			);
			runOnlyForDeploymentPostprocessing = 0;
		};
		4FE323181CA4639600DD6D86 /* Frameworks */ = {
			isa = PBXFrameworksBuildPhase;
			buildActionMask = 2147483647;
			files = (
			);
			runOnlyForDeploymentPostprocessing = 0;
		};
		4FE323231CA4639600DD6D86 /* Frameworks */ = {
			isa = PBXFrameworksBuildPhase;
			buildActionMask = 2147483647;
			files = (
			);
			runOnlyForDeploymentPostprocessing = 0;
		};
/* End PBXFrameworksBuildPhase section */

/* Begin PBXGroup section */
		4FE322FB1CA4639500DD6D86 = {
			isa = PBXGroup;
			children = (
				4FE323061CA4639500DD6D86 /* Test App */,
				4FE3231E1CA4639600DD6D86 /* Test AppTests */,
				4FE323291CA4639600DD6D86 /* Test AppUITests */,
				4FE323051CA4639500DD6D86 /* Products */,
			);
			sourceTree = "<group>";
		};
		4FE323051CA4639500DD6D86 /* Products */ = {
			isa = PBXGroup;
			children = (
				4FE323041CA4639500DD6D86 /* Test App.app */,
				4FE3231B1CA4639600DD6D86 /* Test AppTests.xctest */,
				4FE323261CA4639600DD6D86 /* Test AppUITests.xctest */,
			);
			name = Products;
			sourceTree = "<group>";
		};
		4FE323061CA4639500DD6D86 /* Test App */ = {
			isa = PBXGroup;
			children = (
				4FE323071CA4639500DD6D86 /* AppDelegate.swift */,
				4FE323091CA4639500DD6D86 /* ViewController.swift */,
				4FE3230B1CA4639500DD6D86 /* Main.storyboard */,
				4FE323111CA4639600DD6D86 /* Assets.xcassets */,
				4FE323131CA4639600DD6D86 /* LaunchScreen.storyboard */,
				4FE323161CA4639600DD6D86 /* Info.plist */,
				4FE3230E1CA4639600DD6D86 /* Test_App.xcdatamodeld */,
			);
			path = "Test App";
			sourceTree = "<group>";
		};
		4FE3231E1CA4639600DD6D86 /* Test AppTests */ = {
			isa = PBXGroup;
			children = (
				4FE3231F1CA4639600DD6D86 /* Test_AppTests.swift */,
				4FE323211CA4639600DD6D86 /* Info.plist */,
			);
			path = "Test AppTests";
			sourceTree = "<group>";
		};
		4FE323291CA4639600DD6D86 /* Test AppUITests */ = {
			isa = PBXGroup;
			children = (
				4FE3232A1CA4639600DD6D86 /* Test_AppUITests.swift */,
				4FE3232C1CA4639600DD6D86 /* Info.plist */,
			);
			path = "Test AppUITests";
			sourceTree = "<group>";
		};
/* End PBXGroup section */

/* Begin PBXNativeTarget section */
		4FE323031CA4639500DD6D86 /* Test App */ = {
			isa = PBXNativeTarget;
			buildConfigurationList = 4FE3232F1CA4639600DD6D86 /* Build configuration list for PBXNativeTarget "Test App" */;
			buildPhases = (
				4FE323001CA4639500DD6D86 /* Sources */,
				4FE323011CA4639500DD6D86 /* Frameworks */,
				4FE323021CA4639500DD6D86 /* Resources */,
			);
			buildRules = (
			);
			dependencies = (
			);
			name = "Test App";
			productName = "Test App";
			productReference = 4FE323041CA4639500DD6D86 /* Test App.app */;
			productType = "com.apple.product-type.application";
		};
		4FE3231A1CA4639600DD6D86 /* Test AppTests */ = {
			isa = PBXNativeTarget;
			buildConfigurationList = 4FE323321CA4639600DD6D86 /* Build configuration list for PBXNativeTarget "Test AppTests" */;
			buildPhases = (
				4FE323171CA4639600DD6D86 /* Sources */,
				4FE323181CA4639600DD6D86 /* Frameworks */,
				4FE323191CA4639600DD6D86 /* Resources */,
			);
			buildRules = (
			);
			dependencies = (
				4FE3231D1CA4639600DD6D86 /* PBXTargetDependency */,
			);
			name = "Test AppTests";
			productName = "Test AppTests";
			productReference = 4FE3231B1CA4639600DD6D86 /* Test AppTests.xctest */;
			productType = "com.apple.product-type.bundle.unit-test";
		};
		4FE323251CA4639600DD6D86 /* Test AppUITests */ = {
			isa = PBXNativeTarget;
			buildConfigurationList = 4FE323351CA4639600DD6D86 /* Build configuration list for PBXNativeTarget "Test AppUITests" */;
			buildPhases = (
				4FE323221CA4639600DD6D86 /* Sources */,
				4FE323231CA4639600DD6D86 /* Frameworks */,
				4FE323241CA4639600DD6D86 /* Resources */,
			);
			buildRules = (
			);
			dependencies = (
				4FE323281CA4639600DD6D86 /* PBXTargetDependency */,
			);
			name = "Test AppUITests";
			productName = "Test AppUITests";
			productReference = 4FE323261CA4639600DD6D86 /* Test AppUITests.xctest */;
			productType = "com.apple.product-type.bundle.ui-testing";
		};
/* End PBXNativeTarget section */

/* Begin PBXProject section */
		4FE322FC1CA4639500DD6D86 /* Project object */ = {
			isa = PBXProject;
			attributes = {
				LastSwiftUpdateCheck = 0720;
				LastUpgradeCheck = 0720;
				ORGANIZATIONNAME = "Rob DeCarlo";
				TargetAttributes = {
					4FE323031CA4639500DD6D86 = {
						CreatedOnToolsVersion = 7.2.1;
					};
					4FE3231A1CA4639600DD6D86 = {
						CreatedOnToolsVersion = 7.2.1;
						TestTargetID = 4FE323031CA4639500DD6D86;
					};
					4FE323251CA4639600DD6D86 = {
						CreatedOnToolsVersion = 7.2.1;
						TestTargetID = 4FE323031CA4639500DD6D86;
					};
				};
			};
			buildConfigurationList = 4FE322FF1CA4639500DD6D86 /* Build configuration list for PBXProject "Test App" */;
			compatibilityVersion = "Xcode 3.2";
			developmentRegion = English;
			hasScannedForEncodings = 0;
			knownRegions = (
				en,
				Base,
			);
			mainGroup = 4FE322FB1CA4639500DD6D86;
			productRefGroup = 4FE323051CA4639500DD6D86 /* Products */;
			projectDirPath = "";
			projectRoot = "";
			targets = (
				4FE323031CA4639500DD6D86 /* Test App */,
				4FE3231A1CA4639600DD6D86 /* Test AppTests */,
				4FE323251CA4639600DD6D86 /* Test AppUITests */,
			);
		};
/* End PBXProject section */

/* Begin PBXResourcesBuildPhase section */
		4FE323021CA4639500DD6D86 /* Resources */ = {
			isa = PBXResourcesBuildPhase;
			buildActionMask = 2147483647;
			files = (
				4FE323151CA4639600DD6D86 /* LaunchScreen.storyboard in Resources */,
				4FE323121CA4639600DD6D86 /* Assets.xcassets in Resources */,
				4FE3230D1CA4639500DD6D86 /* Main.storyboard in Resources */,
			);
			runOnlyForDeploymentPostprocessing = 0;
		};
		4FE323191CA4639600DD6D86 /* Resources */ = {
			isa = PBXResourcesBuildPhase;
			buildActionMask = 2147483647;
			files = (
			);
			runOnlyForDeploymentPostprocessing = 0;
		};
		4FE323241CA4639600DD6D86 /* Resources */ = {
			isa = PBXResourcesBuildPhase;
			buildActionMask = 2147483647;
			files = (
			);
			runOnlyForDeploymentPostprocessing = 0;
		};
/* End PBXResourcesBuildPhase section */

/* Begin PBXSourcesBuildPhase section */
		4FE323001CA4639500DD6D86 /* Sources */ = {
			isa = PBXSourcesBuildPhase;
			buildActionMask = 2147483647;
			files = (
				4FE323101CA4639600DD6D86 /* Test_App.xcdatamodeld in Sources */,
				4FE3230A1CA4639500DD6D86 /* ViewController.swift in Sources */,
				4FE323081CA4639500DD6D86 /* AppDelegate.swift in Sources */,
			);
			runOnlyForDeploymentPostprocessing = 0;
		};
		4FE323171CA4639600DD6D86 /* Sources */ = {
			isa = PBXSourcesBuildPhase;
			buildActionMask = 2147483647;
			files = (
				4FE323201CA4639600DD6D86 /* Test_AppTests.swift in Sources */,
			);
			runOnlyForDeploymentPostprocessing = 0;
		};
		4FE323221CA4639600DD6D86 /* Sources */ = {
			isa = PBXSourcesBuildPhase;
			buildActionMask = 2147483647;
			files = (
				4FE3232B1CA4639600DD6D86 /* Test_AppUITests.swift in Sources */,
			);
			runOnlyForDeploymentPostprocessing = 0;
		};
/* End PBXSourcesBuildPhase section */

/* Begin PBXTargetDependency section */
		4FE3231D1CA4639600DD6D86 /* PBXTargetDependency */ = {
			isa = PBXTargetDependency;
			target = 4FE323031CA4639500DD6D86 /* Test App */;
			targetProxy = 4FE3231C1CA4639600DD6D86 /* PBXContainerItemProxy */;
		};
		4FE323281CA4639600DD6D86 /* PBXTargetDependency */ = {
			isa = PBXTargetDependency;
			target = 4FE323031CA4639500DD6D86 /* Test App */;
			targetProxy = 4FE323271CA4639600DD6D86 /* PBXContainerItemProxy */;
		};
/* End PBXTargetDependency section */

/* Begin PBXVariantGroup section */
		4FE3230B1CA4639500DD6D86 /* Main.storyboard */ = {
			isa = PBXVariantGroup;
			children = (
				4FE3230C1CA4639500DD6D86 /* Base */,
			);
			name = Main.storyboard;
			sourceTree = "<group>";
		};
		4FE323131CA4639600DD6D86 /* LaunchScreen.storyboard */ = {
			isa = PBXVariantGroup;
			children = (
				4FE323141CA4639600DD6D86 /* Base */,
			);
			name = LaunchScreen.storyboard;
			sourceTree = "<group>";
		};
/* End PBXVariantGroup section */

/* Begin XCBuildConfiguration section */
		4FE3232D1CA4639600DD6D86 /* Debug */ = {
			isa = XCBuildConfiguration;
			buildSettings = {
				ALWAYS_SEARCH_USER_PATHS = NO;
				CLANG_CXX_LANGUAGE_STANDARD = "gnu++0x";
				CLANG_CXX_LIBRARY = "libc++";
				CLANG_ENABLE_MODULES = YES;
				CLANG_ENABLE_OBJC_ARC = YES;
				CLANG_WARN_BOOL_CONVERSION = YES;
				CLANG_WARN_CONSTANT_CONVERSION = YES;
				CLANG_WARN_DIRECT_OBJC_ISA_USAGE = YES_ERROR;
				CLANG_WARN_EMPTY_BODY = YES;
				CLANG_WARN_ENUM_CONVERSION = YES;
				CLANG_WARN_INT_CONVERSION = YES;
				CLANG_WARN_OBJC_ROOT_CLASS = YES_ERROR;
				CLANG_WARN_UNREACHABLE_CODE = YES;
				CLANG_WARN__DUPLICATE_METHOD_MATCH = YES;
				"CODE_SIGN_IDENTITY[sdk=iphoneos*]" = "iPhone Developer";
				COPY_PHASE_STRIP = NO;
				DEBUG_INFORMATION_FORMAT = dwarf;
				ENABLE_STRICT_OBJC_MSGSEND = YES;
				ENABLE_TESTABILITY = YES;
				GCC_C_LANGUAGE_STANDARD = gnu99;
				GCC_DYNAMIC_NO_PIC = NO;
				GCC_NO_COMMON_BLOCKS = YES;
				GCC_OPTIMIZATION_LEVEL = 0;
				GCC_PREPROCESSOR_DEFINITIONS = (
					"DEBUG=1",
					"$(inherited)",
				);
				GCC_WARN_64_TO_32_BIT_CONVERSION = YES;
				GCC_WARN_ABOUT_RETURN_TYPE = YES_ERROR;
				GCC_WARN_UNDECLARED_SELECTOR = YES;
				GCC_WARN_UNINITIALIZED_AUTOS = YES_AGGRESSIVE;
				GCC_WARN_UNUSED_FUNCTION = YES;
				GCC_WARN_UNUSED_VARIABLE = YES;
				IPHONEOS_DEPLOYMENT_TARGET = 9.2;
				MTL_ENABLE_DEBUG_INFO = YES;
				ONLY_ACTIVE_ARCH = YES;
				SDKROOT = iphoneos;
				SWIFT_OPTIMIZATION_LEVEL = "-Onone";
				TARGETED_DEVICE_FAMILY = "1,2";
			};
			name = Debug;
		};
		4FE3232E1CA4639600DD6D86 /* Release */ = {
			isa = XCBuildConfiguration;
			buildSettings = {
				ALWAYS_SEARCH_USER_PATHS = NO;
				CLANG_CXX_LANGUAGE_STANDARD = "gnu++0x";
				CLANG_CXX_LIBRARY = "libc++";
				CLANG_ENABLE_MODULES = YES;
				CLANG_ENABLE_OBJC_ARC = YES;
				CLANG_WARN_BOOL_CONVERSION = YES;
				CLANG_WARN_CONSTANT_CONVERSION = YES;
				CLANG_WARN_DIRECT_OBJC_ISA_USAGE = YES_ERROR;
				CLANG_WARN_EMPTY_BODY = YES;
				CLANG_WARN_ENUM_CONVERSION = YES;
				CLANG_WARN_INT_CONVERSION = YES;
				CLANG_WARN_OBJC_ROOT_CLASS = YES_ERROR;
				CLANG_WARN_UNREACHABLE_CODE = YES;
				CLANG_WARN__DUPLICATE_METHOD_MATCH = YES;
				"CODE_SIGN_IDENTITY[sdk=iphoneos*]" = "iPhone Developer";
				COPY_PHASE_STRIP = NO;
				DEBUG_INFORMATION_FORMAT = "dwarf-with-dsym";
				ENABLE_NS_ASSERTIONS = NO;
				ENABLE_STRICT_OBJC_MSGSEND = YES;
				GCC_C_LANGUAGE_STANDARD = gnu99;
				GCC_NO_COMMON_BLOCKS = YES;
				GCC_WARN_64_TO_32_BIT_CONVERSION = YES;
				GCC_WARN_ABOUT_RETURN_TYPE = YES_ERROR;
				GCC_WARN_UNDECLARED_SELECTOR = YES;
				GCC_WARN_UNINITIALIZED_AUTOS = YES_AGGRESSIVE;
				GCC_WARN_UNUSED_FUNCTION = YES;
				GCC_WARN_UNUSED_VARIABLE = YES;
				IPHONEOS_DEPLOYMENT_TARGET = 9.2;
				MTL_ENABLE_DEBUG_INFO = NO;
				SDKROOT = iphoneos;
				TARGETED_DEVICE_FAMILY = "1,2";
				VALIDATE_PRODUCT = YES;
			};
			name = Release;
		};
		4FE323301CA4639600DD6D86 /* Debug */ = {
			isa = XCBuildConfiguration;
			buildSettings = {
				ASSETCATALOG_COMPILER_APPICON_NAME = AppIcon;
				INFOPLIST_FILE = "Test App/Info.plist";
				LD_RUNPATH_SEARCH_PATHS = "$(inherited) @executable_path/Frameworks";
				PRODUCT_BUNDLE_IDENTIFIER = "org.trail73.Test-App";
				PRODUCT_NAME = "$(TARGET_NAME)";
			};
			name = Debug;
		};
		4FE323311CA4639600DD6D86 /* Release */ = {
			isa = XCBuildConfiguration;
			buildSettings = {
				ASSETCATALOG_COMPILER_APPICON_NAME = AppIcon;
				INFOPLIST_FILE = "Test App/Info.plist";
				LD_RUNPATH_SEARCH_PATHS = "$(inherited) @executable_path/Frameworks";
				PRODUCT_BUNDLE_IDENTIFIER = "org.trail73.Test-App";
				PRODUCT_NAME = "$(TARGET_NAME)";
			};
			name = Release;
		};
		4FE323331CA4639600DD6D86 /* Debug */ = {
			isa = XCBuildConfiguration;
			buildSettings = {
				BUNDLE_LOADER = "$(TEST_HOST)";
				INFOPLIST_FILE = "Test AppTests/Info.plist";
				LD_RUNPATH_SEARCH_PATHS = "$(inherited) @executable_path/Frameworks @loader_path/Frameworks";
				PRODUCT_BUNDLE_IDENTIFIER = "org.trail73.Test-AppTests";
				PRODUCT_NAME = "$(TARGET_NAME)";
				TEST_HOST = "$(BUILT_PRODUCTS_DIR)/Test App.app/Test App";
			};
			name = Debug;
		};
		4FE323341CA4639600DD6D86 /* Release */ = {
			isa = XCBuildConfiguration;
			buildSettings = {
				BUNDLE_LOADER = "$(TEST_HOST)";
				INFOPLIST_FILE = "Test AppTests/Info.plist";
				LD_RUNPATH_SEARCH_PATHS = "$(inherited) @executable_path/Frameworks @loader_path/Frameworks";
				PRODUCT_BUNDLE_IDENTIFIER = "org.trail73.Test-AppTests";
				PRODUCT_NAME = "$(TARGET_NAME)";
				TEST_HOST = "$(BUILT_PRODUCTS_DIR)/Test App.app/Test App";
			};
			name = Release;
		};
		4FE323361CA4639600DD6D86 /* Debug */ = {
			isa = XCBuildConfiguration;
			buildSettings = {
				INFOPLIST_FILE = "Test AppUITests/Info.plist";
				LD_RUNPATH_SEARCH_PATHS = "$(inherited) @executable_path/Frameworks @loader_path/Frameworks";
				PRODUCT_BUNDLE_IDENTIFIER = "org.trail73.Test-AppUITests";
				PRODUCT_NAME = "$(TARGET_NAME)";
				TEST_TARGET_NAME = "Test App";
				USES_XCTRUNNER = YES;
			};
			name = Debug;
		};
		4FE323371CA4639600DD6D86 /* Release */ = {
			isa = XCBuildConfiguration;
			buildSettings = {
				INFOPLIST_FILE = "Test AppUITests/Info.plist";
				LD_RUNPATH_SEARCH_PATHS = "$(inherited) @executable_path/Frameworks @loader_path/Frameworks";
				PRODUCT_BUNDLE_IDENTIFIER = "org.trail73.Test-AppUITests";
				PRODUCT_NAME = "$(TARGET_NAME)";
				TEST_TARGET_NAME = "Test App";
				USES_XCTRUNNER = YES;
			};
			name = Release;
		};
/* End XCBuildConfiguration section */

/* Begin XCConfigurationList section */
		4FE322FF1CA4639500DD6D86 /* Build configuration list for PBXProject "Test App" */ = {
			isa = XCConfigurationList;
			buildConfigurations = (
				4FE3232D1CA4639600DD6D86 /* Debug */,
				4FE3232E1CA4639600DD6D86 /* Release */,
			);
			defaultConfigurationIsVisible = 0;
			defaultConfigurationName = Release;
		};
		4FE3232F1CA4639600DD6D86 /* Build configuration list for PBXNativeTarget "Test App" */ = {
			isa = XCConfigurationList;
			buildConfigurations = (
				4FE323301CA4639600DD6D86 /* Debug */,
				4FE323311CA4639600DD6D86 /* Release */,
			);
			defaultConfigurationIsVisible = 0;
		};
		4FE323321CA4639600DD6D86 /* Build configuration list for PBXNativeTarget "Test AppTests" */ = {
			isa = XCConfigurationList;
			buildConfigurations = (
				4FE323331CA4639600DD6D86 /* Debug */,
				4FE323341CA4639600DD6D86 /* Release */,
			);
			defaultConfigurationIsVisible = 0;
		};
		4FE323351CA4639600DD6D86 /* Build configuration list for PBXNativeTarget "Test AppUITests" */ = {
			isa = XCConfigurationList;
			buildConfigurations = (
				4FE323361CA4639600DD6D86 /* Debug */,
				4FE323371CA4639600DD6D86 /* Release */,
			);
			defaultConfigurationIsVisible = 0;
		};
/* End XCConfigurationList section */

/* Begin XCVersionGroup section */
		4FE3230E1CA4639600DD6D86 /* Test_App.xcdatamodeld */ = {
			isa = XCVersionGroup;
			children = (
				4FE3230F1CA4639600DD6D86 /* Test_App.xcdatamodel */,
			);
			currentVersion = 4FE3230F1CA4639600DD6D86 /* Test_App.xcdatamodel */;
			path = Test_App.xcdatamodeld;
			sourceTree = "<group>";
			versionGroupType = wrapper.xcdatamodel;
		};
/* End XCVersionGroup section */
	};
	rootObject = 4FE322FC1CA4639500DD6D86 /* Project object */;
}
